
Microsoft Visual Studio Solution File, Format Version 12.00
Project("{FAE04EC0-301F-11D3-BF4B-00C04F79EFBC}") = "bletest", "bletest\bletest.csproj", "{BE5AF7A2-3539-45AE-8015-C75621ECE055}"
EndProject
Project("{FAE04EC0-301F-11D3-BF4B-00C04F79EFBC}") = "bledevice", "bledevice\bledevice.csproj", "{6A646C7A-F1D6-4A85-9B7D-1F892756723F}"
EndProject
Global
	GlobalSection(SolutionConfigurationPlatforms) = preSolution
		Debug|Any CPU = Debug|Any CPU
		Release|Any CPU = Release|Any CPU
	EndGlobalSection
	GlobalSection(ProjectConfigurationPlatforms) = postSolution
		{BE5AF7A2-3539-45AE-8015-C75621ECE055}.Debug|Any CPU.ActiveCfg = Debug|Any CPU
		{BE5AF7A2-3539-45AE-8015-C75621ECE055}.Debug|Any CPU.Build.0 = Debug|Any CPU
		{BE5AF7A2-3539-45AE-8015-C75621ECE055}.Release|Any CPU.ActiveCfg = Release|Any CPU
		{BE5AF7A2-3539-45AE-8015-C75621ECE055}.Release|Any CPU.Build.0 = Release|Any CPU
		{6A646C7A-F1D6-4A85-9B7D-1F892756723F}.Debug|Any CPU.ActiveCfg = Debug|Any CPU
		{6A646C7A-F1D6-4A85-9B7D-1F892756723F}.Debug|Any CPU.Build.0 = Debug|Any CPU
		{6A646C7A-F1D6-4A85-9B7D-1F892756723F}.Release|Any CPU.ActiveCfg = Release|Any CPU
		{6A646C7A-F1D6-4A85-9B7D-1F892756723F}.Release|Any CPU.Build.0 = Release|Any CPU
	EndGlobalSection
EndGlobal
